<?xml version="1.0" encoding="utf-8"?>
<Project ToolsVersion="4.0" xmlns="http://schemas.microsoft.com/developer/msbuild/2003">
  <ItemGroup>
    <Filter Include="소스 파일">
      <UniqueIdentifier>{4FC737F1-C7A5-4376-A066-2A32D752A2FF}</UniqueIdentifier>
      <Extensions>cpp;c;cc;cxx;c++;cppm;ixx;def;odl;idl;hpj;bat;asm;asmx</Extensions>
    </Filter>
    <Filter Include="리소스 파일">
      <UniqueIdentifier>{67DA6AB6-F800-4c08-8B7A-83BB121AAD01}</UniqueIdentifier>
      <Extensions>rc;ico;cur;bmp;dlg;rc2;rct;bin;rgs;gif;jpg;jpeg;jpe;resx;tiff;tif;png;wav;mfcribbon-ms</Extensions>
    </Filter>
    <Filter Include="소스 파일\99. Headers">
      <UniqueIdentifier>{5c489bbd-f2f9-4490-af0a-6ebf57d91713}</UniqueIdentifier>
    </Filter>
    <Filter Include="소스 파일\01.Main">
      <UniqueIdentifier>{4617a8cb-0139-4b51-934b-64d25401abf7}</UniqueIdentifier>
    </Filter>
    <Filter Include="소스 파일\99. Headers\Andromeda">
      <UniqueIdentifier>{72531412-15b2-4f5e-8e56-94e4984cdefc}</UniqueIdentifier>
    </Filter>
    <Filter Include="소스 파일\98.Shaders">
      <UniqueIdentifier>{bf134920-6916-432d-97d2-bc5fdc043916}</UniqueIdentifier>
    </Filter>
    <Filter Include="소스 파일\99. Headers\Utils">
      <UniqueIdentifier>{f8689b89-1d18-4c06-a12c-a2becad76a47}</UniqueIdentifier>
    </Filter>
    <Filter Include="소스 파일\00.Engine">
      <UniqueIdentifier>{0ec4aa91-10b6-4013-b722-cfbb56a25f5a}</UniqueIdentifier>
    </Filter>
    <Filter Include="소스 파일\00.Engine\Pipeline">
      <UniqueIdentifier>{b67fe646-f566-4cc0-9e7c-32431410593f}</UniqueIdentifier>
    </Filter>
    <Filter Include="소스 파일\00.Engine\Pipeline\00.Geometry">
      <UniqueIdentifier>{e71436ea-8964-406f-be00-61c0b6d6a550}</UniqueIdentifier>
    </Filter>
    <Filter Include="소스 파일\00.Engine\Pipeline\01.InputAssembler">
      <UniqueIdentifier>{6fe7882a-1b19-4141-8335-e317586290ac}</UniqueIdentifier>
    </Filter>
    <Filter Include="소스 파일\00.Engine\Pipeline\02.VertexShader">
      <UniqueIdentifier>{101cd580-0af7-4f0a-9462-f0b585682403}</UniqueIdentifier>
    </Filter>
    <Filter Include="소스 파일\00.Engine\Pipeline\03.Rasterizer">
      <UniqueIdentifier>{5f3c8104-b8ce-49ef-81e2-e0dd73fd5b25}</UniqueIdentifier>
    </Filter>
    <Filter Include="소스 파일\00.Engine\Pipeline\04.PixelShader">
      <UniqueIdentifier>{b78832a0-d883-4ef4-8ef5-2b411c43ec7f}</UniqueIdentifier>
    </Filter>
    <Filter Include="소스 파일\00.Engine\Pipeline\05.OutputMerger">
      <UniqueIdentifier>{b3b91a7e-96d7-473d-991b-84aa4a17d250}</UniqueIdentifier>
    </Filter>
  </ItemGroup>
  <ItemGroup>
    <ClInclude Include="GameCoding.h">
      <Filter>소스 파일\01.Main</Filter>
    </ClInclude>
    <ClInclude Include="pch.h">
      <Filter>소스 파일\99. Headers</Filter>
    </ClInclude>
    <ClInclude Include="framework.h">
      <Filter>소스 파일\99. Headers\Andromeda</Filter>
    </ClInclude>
    <ClInclude Include="Resource.h">
      <Filter>소스 파일\99. Headers\Andromeda</Filter>
    </ClInclude>
    <ClInclude Include="targetver.h">
      <Filter>소스 파일\99. Headers\Andromeda</Filter>
    </ClInclude>
    <ClInclude Include="Values.h">
      <Filter>소스 파일\99. Headers</Filter>
    </ClInclude>
    <ClInclude Include="Struct.h">
      <Filter>소스 파일\99. Headers</Filter>
    </ClInclude>
    <ClInclude Include="Types.h">
      <Filter>소스 파일\99. Headers</Filter>
    </ClInclude>
    <ClInclude Include="Game.h">
      <Filter>소스 파일\01.Main</Filter>
    </ClInclude>
    <ClInclude Include="SimpleMath.h">
      <Filter>소스 파일\99. Headers\Utils</Filter>
    </ClInclude>
    <ClInclude Include="Graphics.h">
      <Filter>소스 파일\00.Engine\Pipeline</Filter>
    </ClInclude>
    <ClInclude Include="VertexBuffer.h">
      <Filter>소스 파일\00.Engine\Pipeline\01.InputAssembler</Filter>
    </ClInclude>
    <ClInclude Include="IndexBuffer.h">
      <Filter>소스 파일\00.Engine\Pipeline\01.InputAssembler</Filter>
    </ClInclude>
    <ClInclude Include="InputLayout.h">
      <Filter>소스 파일\00.Engine\Pipeline\01.InputAssembler</Filter>
    </ClInclude>
  </ItemGroup>
  <ItemGroup>
    <ResourceCompile Include="GameCoding.rc">
      <Filter>리소스 파일</Filter>
    </ResourceCompile>
  </ItemGroup>
  <ItemGroup>
    <Image Include="small.ico">
      <Filter>리소스 파일</Filter>
    </Image>
    <Image Include="GameCoding.ico">
      <Filter>리소스 파일</Filter>
    </Image>
  </ItemGroup>
  <ItemGroup>
    <ClCompile Include="GameCoding.cpp">
      <Filter>소스 파일\01.Main</Filter>
    </ClCompile>
    <ClCompile Include="pch.cpp">
      <Filter>소스 파일\99. Headers</Filter>
    </ClCompile>
    <ClCompile Include="Game.cpp">
      <Filter>소스 파일\01.Main</Filter>
    </ClCompile>
    <ClCompile Include="SimpleMath.cpp">
      <Filter>소스 파일\99. Headers\Utils</Filter>
    </ClCompile>
    <ClCompile Include="Graphics.cpp">
      <Filter>소스 파일\00.Engine\Pipeline</Filter>
    </ClCompile>
    <ClCompile Include="VertexBuffer.cpp">
      <Filter>소스 파일\00.Engine\Pipeline\01.InputAssembler</Filter>
    </ClCompile>
    <ClCompile Include="IndexBuffer.cpp">
      <Filter>소스 파일\00.Engine\Pipeline\01.InputAssembler</Filter>
    </ClCompile>
    <ClCompile Include="InputLayout.cpp">
      <Filter>소스 파일\00.Engine\Pipeline\01.InputAssembler</Filter>
    </ClCompile>
  </ItemGroup>
  <ItemGroup>
    <FxCompile Include="Default.hlsl">
      <Filter>소스 파일\98.Shaders</Filter>
    </FxCompile>
  </ItemGroup>
  <ItemGroup>
    <None Include="SimpleMath.inl">
      <Filter>소스 파일\99. Headers\Utils</Filter>
    </None>
  </ItemGroup>
</Project>